
Microsoft Visual Studio Solution File, Format Version 12.00
# Visual Studio Version 17
VisualStudioVersion = 17.0.31903.59
MinimumVisualStudioVersion = 10.0.40219.1
Project("{2150E333-8FDC-42A3-9474-1A3956D46DE8}") = "src", "src", "{3D9AEBBA-DCD6-43F5-8469-213D16D96EEA}"
EndProject
Project("{FAE04EC0-301F-11D3-BF4B-00C04F79EFBC}") = "DpiBypass.Tor", "src\Tor\DpiBypass.Tor.csproj", "{BF43BA13-1442-4E63-9F88-2EB6733E6ED5}"
EndProject
Project("{FAE04EC0-301F-11D3-BF4B-00C04F79EFBC}") = "DpiBypass.TorApp", "src\TorApp\DpiBypass.TorApp.csproj", "{F881C009-2D2F-4E14-BAC1-6969C52074AD}"
EndProject
Project("{2150E333-8FDC-42A3-9474-1A3956D46DE8}") = "tests", "tests", "{89CB88DA-5791-4D31-B984-87AD3168A06F}"
EndProject
Project("{FAE04EC0-301F-11D3-BF4B-00C04F79EFBC}") = "DpiBypass.Tor.Tests", "tests\Tor.Tests\DpiBypass.Tor.Tests.csproj", "{36405B4F-757D-4F36-8186-CDC87401DB39}"
EndProject
Global
	GlobalSection(SolutionConfigurationPlatforms) = preSolution
		Debug|Any CPU = Debug|Any CPU
		Release|Any CPU = Release|Any CPU
	EndGlobalSection
	GlobalSection(SolutionProperties) = preSolution
		HideSolutionNode = FALSE
	EndGlobalSection
	GlobalSection(ProjectConfigurationPlatforms) = postSolution
		{BF43BA13-1442-4E63-9F88-2EB6733E6ED5}.Debug|Any CPU.ActiveCfg = Debug|Any CPU
		{BF43BA13-1442-4E63-9F88-2EB6733E6ED5}.Debug|Any CPU.Build.0 = Debug|Any CPU
		{BF43BA13-1442-4E63-9F88-2EB6733E6ED5}.Release|Any CPU.ActiveCfg = Release|Any CPU
		{BF43BA13-1442-4E63-9F88-2EB6733E6ED5}.Release|Any CPU.Build.0 = Release|Any CPU
		{F881C009-2D2F-4E14-BAC1-6969C52074AD}.Debug|Any CPU.ActiveCfg = Debug|Any CPU
		{F881C009-2D2F-4E14-BAC1-6969C52074AD}.Debug|Any CPU.Build.0 = Debug|Any CPU
		{F881C009-2D2F-4E14-BAC1-6969C52074AD}.Release|Any CPU.ActiveCfg = Release|Any CPU
		{F881C009-2D2F-4E14-BAC1-6969C52074AD}.Release|Any CPU.Build.0 = Release|Any CPU
		{36405B4F-757D-4F36-8186-CDC87401DB39}.Debug|Any CPU.ActiveCfg = Debug|Any CPU
		{36405B4F-757D-4F36-8186-CDC87401DB39}.Debug|Any CPU.Build.0 = Debug|Any CPU
		{36405B4F-757D-4F36-8186-CDC87401DB39}.Release|Any CPU.ActiveCfg = Release|Any CPU
		{36405B4F-757D-4F36-8186-CDC87401DB39}.Release|Any CPU.Build.0 = Release|Any CPU
	EndGlobalSection
	GlobalSection(NestedProjects) = preSolution
		{BF43BA13-1442-4E63-9F88-2EB6733E6ED5} = {3D9AEBBA-DCD6-43F5-8469-213D16D96EEA}
		{F881C009-2D2F-4E14-BAC1-6969C52074AD} = {3D9AEBBA-DCD6-43F5-8469-213D16D96EEA}
		{36405B4F-757D-4F36-8186-CDC87401DB39} = {89CB88DA-5791-4D31-B984-87AD3168A06F}
	EndGlobalSection
EndGlobal
